
Microsoft Visual Studio Solution File, Format Version 12.00
# Visual Studio Version 17
VisualStudioVersion = 17.5.33530.505
MinimumVisualStudioVersion = 10.0.40219.1
Project("{FAE04EC0-301F-11D3-BF4B-00C04F79EFBC}") = "ProgressBar2Forms", "ProgressBar2Forms.csproj", "{688C6FF4-08E8-4BB1-9508-481E5D7E6032}"
EndProject
Global
	GlobalSection(SolutionConfigurationPlatforms) = preSolution
		Debug|Any CPU = Debug|Any CPU
		Release|Any CPU = Release|Any CPU
	EndGlobalSection
	GlobalSection(ProjectConfigurationPlatforms) = postSolution
		{688C6FF4-08E8-4BB1-9508-481E5D7E6032}.Debug|Any CPU.ActiveCfg = Debug|Any CPU
		{688C6FF4-08E8-4BB1-9508-481E5D7E6032}.Debug|Any CPU.Build.0 = Debug|Any CPU
		{688C6FF4-08E8-4BB1-9508-481E5D7E6032}.Release|Any CPU.ActiveCfg = Release|Any CPU
		{688C6FF4-08E8-4BB1-9508-481E5D7E6032}.Release|Any CPU.Build.0 = Release|Any CPU
	EndGlobalSection
	GlobalSection(SolutionProperties) = preSolution
		HideSolutionNode = FALSE
	EndGlobalSection
	GlobalSection(ExtensibilityGlobals) = postSolution
		SolutionGuid = {D5B14D95-4DD3-4221-B026-E51AB95298D0}
	EndGlobalSection
EndGlobal
